
Microsoft Visual Studio Solution File, Format Version 12.00
# Visual Studio Version 17
VisualStudioVersion = 17.14.36327.8
MinimumVisualStudioVersion = 10.0.40219.1
Project("{FAE04EC0-301F-11D3-BF4B-00C04F79EFBC}") = "InocuoGoMetrics", "InocuoGoMetrics\InocuoGoMetrics.csproj", "{B58A1E75-5434-408E-A790-C89236929C58}"
EndProject
Project("{FAE04EC0-301F-11D3-BF4B-00C04F79EFBC}") = "InocuoGoMetrics.API", "InocuoGoAPI\InocuoGoMetrics.API.csproj", "{25FE2072-2BAF-4D59-AC9E-81C7DF3365BF}"
EndProject
Global
	GlobalSection(SolutionConfigurationPlatforms) = preSolution
		Debug|Any CPU = Debug|Any CPU
		Release|Any CPU = Release|Any CPU
	EndGlobalSection
	GlobalSection(ProjectConfigurationPlatforms) = postSolution
		{B58A1E75-5434-408E-A790-C89236929C58}.Debug|Any CPU.ActiveCfg = Debug|Any CPU
		{B58A1E75-5434-408E-A790-C89236929C58}.Debug|Any CPU.Build.0 = Debug|Any CPU
		{B58A1E75-5434-408E-A790-C89236929C58}.Release|Any CPU.ActiveCfg = Release|Any CPU
		{B58A1E75-5434-408E-A790-C89236929C58}.Release|Any CPU.Build.0 = Release|Any CPU
		{25FE2072-2BAF-4D59-AC9E-81C7DF3365BF}.Debug|Any CPU.ActiveCfg = Debug|Any CPU
		{25FE2072-2BAF-4D59-AC9E-81C7DF3365BF}.Debug|Any CPU.Build.0 = Debug|Any CPU
		{25FE2072-2BAF-4D59-AC9E-81C7DF3365BF}.Release|Any CPU.ActiveCfg = Release|Any CPU
		{25FE2072-2BAF-4D59-AC9E-81C7DF3365BF}.Release|Any CPU.Build.0 = Release|Any CPU
	EndGlobalSection
	GlobalSection(SolutionProperties) = preSolution
		HideSolutionNode = FALSE
	EndGlobalSection
	GlobalSection(ExtensibilityGlobals) = postSolution
		SolutionGuid = {5CCF286D-D375-4826-8677-D2898C9F159B}
	EndGlobalSection
EndGlobal
